github.com/go-redis/redis v6.15.9+incompatible h1:K0pv1D7EQUjfyoMql+r/jZqCLizCGKFlFgcHWWmHQjg=
github.com/go-redis/redis v6.15.9+incompatible/go.mod h1:NAIEuMOZ/fxfXJIrKDQDz8wamY7mA7PouImQ2Jvg6kA=
github.com/gorilla/securecookie v1.1.1 h1:miw7JPhV+b/lAHSXz4qd/nN9jRiAFV5FwjeKyCS8BvQ=
github.com/gorilla/securecookie v1.1.1/go.mod h1:ra0sb63/xPlUeL+yeDciTfxMRAA+MP+HVt/4epWDjd4=
github.com/mailjet/mailjet-apiv3-go v0.0.0-20201009050126-c24bc15a9394 h1:+6kiV40vfmh17TDlZG15C2uGje1/XBGT32j6xKmUkqM=
github.com/mailjet/mailjet-apiv3-go v0.0.0-20201009050126-c24bc15a9394/go.mod h1:ogN8Sxy3n5VKLhQxbtSBM3ICG/VgjXS/akQJIoDSrgA=
github.com/mailjet/mailjet-apiv3-go/v3 v3.0.0 h1:kDosIkes1hg1HkJ07Ws+T02UAT0PWgxtYnl7gVb3670=
github.com/mailjet/mailjet-apiv3-go/v3 v3.0.0/go.mod h1:Nw3mVzRxV0CVDTlzaRcADGKt4PMNbT7gYIyEtjMrVIM=
